{
  "nodes": {
    "darkmatter": {
      "inputs": {
        "flake-compat": "flake-compat",
        "nixpkgs": "nixpkgs"
      },
      "locked": {
        "lastModified": 1683347392,
        "narHash": "sha256-snW+8pJvBQ1B11FmUf6kSgARZW5OvW9uXgxA2VrlzcQ=",
        "owner": "VandalByte",
        "repo": "darkmatter-grub-theme",
        "rev": "efe1abbde0aa9410217247d415ff734583af9711",
        "type": "gitlab"
      },
      "original": {
        "owner": "VandalByte",
        "repo": "darkmatter-grub-theme",
        "type": "gitlab"
      }
    },
    "flake-compat": {
      "flake": false,
      "locked": {
        "lastModified": 1673956053,
        "narHash": "sha256-4gtG9iQuiKITOjNQQeQIpoIB6b16fm+504Ch3sNKLd8=",
        "owner": "edolstra",
        "repo": "flake-compat",
        "rev": "35bb57c0c8d8b62bbfd284272c928ceb64ddbde9",
        "type": "github"
      },
      "original": {
        "owner": "edolstra",
        "repo": "flake-compat",
        "type": "github"
      }
    },
    "home-manager": {
      "inputs": {
        "nixpkgs": [
          "nixpkgs"
        ]
      },
      "locked": {
        "lastModified": 1708806879,
        "narHash": "sha256-MSbxtF3RThI8ANs/G4o1zIqF5/XlShHvwjl9Ws0QAbI=",
        "owner": "nix-community",
        "repo": "home-manager",
        "rev": "4ee704cb13a5a7645436f400b9acc89a67b9c08a",
        "type": "github"
      },
      "original": {
        "owner": "nix-community",
        "repo": "home-manager",
        "type": "github"
      }
    },
    "nixpkgs": {
      "locked": {
        "lastModified": 1661353537,
        "narHash": "sha256-1E2IGPajOsrkR49mM5h55OtYnU0dGyre6gl60NXKITE=",
        "owner": "NixOS",
        "repo": "nixpkgs",
        "rev": "0e304ff0d9db453a4b230e9386418fd974d5804a",
        "type": "github"
      },
      "original": {
        "owner": "NixOS",
        "ref": "nixpkgs-unstable",
        "repo": "nixpkgs",
        "type": "github"
      }
    },
    "nixpkgs_2": {
      "locked": {
        "lastModified": 1708655239,
        "narHash": "sha256-ZrP/yACUvDB+zbqYJsln4iwotbH6CTZiTkANJ0AgDv4=",
        "owner": "nixos",
        "repo": "nixpkgs",
        "rev": "cbc4211f0afffe6dfd2478a62615dd5175a13f9a",
        "type": "github"
      },
      "original": {
        "owner": "nixos",
        "ref": "nixos-unstable",
        "repo": "nixpkgs",
        "type": "github"
      }
    },
    "root": {
      "inputs": {
        "darkmatter": "darkmatter",
        "home-manager": "home-manager",
        "nixpkgs": "nixpkgs_2"
      }
    }
  },
  "root": "root",
  "version": 7
}
